# THIS IS AN AUTOGENERATED FILE. DO NOT EDIT THIS FILE DIRECTLY.
# yarn lockfile v1


"@prisma/client@4.5.0":
  version "4.5.0"
  resolved "https://registry.yarnpkg.com/@prisma/client/-/client-4.5.0.tgz#f708549bee3da396d5741d846b4e4306b120210c"
  integrity sha512-B2cV0OPI1smhdYUxsJoLYQLoMlLH06MUxgFUWQnHodGMX98VRVXKmQE/9OcrTNkqtke5RC+YU24Szxd04tZA2g==
  dependencies:
    "@prisma/engines-version" "4.5.0-43.0362da9eebca54d94c8ef5edd3b2e90af99ba452"

"@prisma/engines-version@4.5.0-43.0362da9eebca54d94c8ef5edd3b2e90af99ba452":
  version "4.5.0-43.0362da9eebca54d94c8ef5edd3b2e90af99ba452"
  resolved "https://registry.yarnpkg.com/@prisma/engines-version/-/engines-version-4.5.0-43.0362da9eebca54d94c8ef5edd3b2e90af99ba452.tgz#5b7fae294ee9bd9790d0e7b7a0b0912e4222ac08"
  integrity sha512-o7LyVx8PPJBLrEzLl6lpxxk2D5VnlM4Fwmrbq0NoT6pr5aa1OuHD9ZG+WJY6TlR/iD9bhmo2LNcxddCMr5Rv2A==
